// !$*UTF8*$!
{
	archiveVersion = 1;
	classes = {
	};
	objectVersion = 50;
	objects = {

/* Begin PBXBuildFile section */
		071E9AA225951DCD00B8D9A2 /* BullseyeApp.swift in Sources */ = {isa = PBXBuildFile; fileRef = 071E9AA125951DCD00B8D9A2 /* BullseyeApp.swift */; };
		071E9AA425951DCD00B8D9A2 /* ContentView.swift in Sources */ = {isa = PBXBuildFile; fileRef = 071E9AA325951DCD00B8D9A2 /* ContentView.swift */; };
		071E9AA625951DCE00B8D9A2 /* Assets.xcassets in Resources */ = {isa = PBXBuildFile; fileRef = 071E9AA525951DCE00B8D9A2 /* Assets.xcassets */; };
		071E9AA925951DCE00B8D9A2 /* Preview Assets.xcassets in Resources */ = {isa = PBXBuildFile; fileRef = 071E9AA825951DCE00B8D9A2 /* Preview Assets.xcassets */; };
		071E9AB725967D7A00B8D9A2 /* Game.swift in Sources */ = {isa = PBXBuildFile; fileRef = 071E9AB625967D7A00B8D9A2 /* Game.swift */; };
		071E9AC0259683F300B8D9A2 /* BullseyeTests.swift in Sources */ = {isa = PBXBuildFile; fileRef = 071E9ABF259683F300B8D9A2 /* BullseyeTests.swift */; };
		071E9ACA2597884200B8D9A2 /* RoundedViews.swift in Sources */ = {isa = PBXBuildFile; fileRef = 071E9AC92597884100B8D9A2 /* RoundedViews.swift */; };
		071E9AD02597932900B8D9A2 /* BackgroundView.swift in Sources */ = {isa = PBXBuildFile; fileRef = 071E9ACF2597932900B8D9A2 /* BackgroundView.swift */; };
		071E9AD42597A37100B8D9A2 /* TextViews.swift in Sources */ = {isa = PBXBuildFile; fileRef = 071E9AD32597A37100B8D9A2 /* TextViews.swift */; };
		071E9AD825997FC100B8D9A2 /* PointsView.swift in Sources */ = {isa = PBXBuildFile; fileRef = 071E9AD725997FC000B8D9A2 /* PointsView.swift */; };
/* End PBXBuildFile section */

/* Begin PBXContainerItemProxy section */
		071E9AC2259683F300B8D9A2 /* PBXContainerItemProxy */ = {
			isa = PBXContainerItemProxy;
			containerPortal = 071E9A9625951DCD00B8D9A2 /* Project object */;
			proxyType = 1;
			remoteGlobalIDString = 071E9A9D25951DCD00B8D9A2;
			remoteInfo = Bullseye;
		};
/* End PBXContainerItemProxy section */

/* Begin PBXFileReference section */
		071E9A9E25951DCD00B8D9A2 /* Bullseye.app */ = {isa = PBXFileReference; explicitFileType = wrapper.application; includeInIndex = 0; path = Bullseye.app; sourceTree = BUILT_PRODUCTS_DIR; };
		071E9AA125951DCD00B8D9A2 /* BullseyeApp.swift */ = {isa = PBXFileReference; lastKnownFileType = sourcecode.swift; path = BullseyeApp.swift; sourceTree = "<group>"; };
		071E9AA325951DCD00B8D9A2 /* ContentView.swift */ = {isa = PBXFileReference; lastKnownFileType = sourcecode.swift; path = ContentView.swift; sourceTree = "<group>"; };
		071E9AA525951DCE00B8D9A2 /* Assets.xcassets */ = {isa = PBXFileReference; lastKnownFileType = folder.assetcatalog; path = Assets.xcassets; sourceTree = "<group>"; };
		071E9AA825951DCE00B8D9A2 /* Preview Assets.xcassets */ = {isa = PBXFileReference; lastKnownFileType = folder.assetcatalog; path = "Preview Assets.xcassets"; sourceTree = "<group>"; };
		071E9AAA25951DCE00B8D9A2 /* Info.plist */ = {isa = PBXFileReference; lastKnownFileType = text.plist.xml; path = Info.plist; sourceTree = "<group>"; };
		071E9AB625967D7A00B8D9A2 /* Game.swift */ = {isa = PBXFileReference; lastKnownFileType = sourcecode.swift; path = Game.swift; sourceTree = "<group>"; };
		071E9ABD259683F300B8D9A2 /* BullseyeTests.xctest */ = {isa = PBXFileReference; explicitFileType = wrapper.cfbundle; includeInIndex = 0; path = BullseyeTests.xctest; sourceTree = BUILT_PRODUCTS_DIR; };
		071E9ABF259683F300B8D9A2 /* BullseyeTests.swift */ = {isa = PBXFileReference; lastKnownFileType = sourcecode.swift; path = BullseyeTests.swift; sourceTree = "<group>"; };
		071E9AC1259683F300B8D9A2 /* Info.plist */ = {isa = PBXFileReference; lastKnownFileType = text.plist.xml; path = Info.plist; sourceTree = "<group>"; };
		071E9AC92597884100B8D9A2 /* RoundedViews.swift */ = {isa = PBXFileReference; lastKnownFileType = sourcecode.swift; path = RoundedViews.swift; sourceTree = "<group>"; };
		071E9ACF2597932900B8D9A2 /* BackgroundView.swift */ = {isa = PBXFileReference; lastKnownFileType = sourcecode.swift; path = BackgroundView.swift; sourceTree = "<group>"; };
		071E9AD32597A37100B8D9A2 /* TextViews.swift */ = {isa = PBXFileReference; lastKnownFileType = sourcecode.swift; path = TextViews.swift; sourceTree = "<group>"; };
		071E9AD725997FC000B8D9A2 /* PointsView.swift */ = {isa = PBXFileReference; lastKnownFileType = sourcecode.swift; path = PointsView.swift; sourceTree = "<group>"; };
/* End PBXFileReference section */

/* Begin PBXFrameworksBuildPhase section */
		071E9A9B25951DCD00B8D9A2 /* Frameworks */ = {
			isa = PBXFrameworksBuildPhase;
			buildActionMask = 2147483647;
			files = (
			);
			runOnlyForDeploymentPostprocessing = 0;
		};
		071E9ABA259683F300B8D9A2 /* Frameworks */ = {
			isa = PBXFrameworksBuildPhase;
			buildActionMask = 2147483647;
			files = (
			);
			runOnlyForDeploymentPostprocessing = 0;
		};
/* End PBXFrameworksBuildPhase section */

/* Begin PBXGroup section */
		071E9A9525951DCD00B8D9A2 = {
			isa = PBXGroup;
			children = (
				071E9AA025951DCD00B8D9A2 /* Bullseye */,
				071E9ABE259683F300B8D9A2 /* BullseyeTests */,
				071E9A9F25951DCD00B8D9A2 /* Products */,
			);
			sourceTree = "<group>";
		};
		071E9A9F25951DCD00B8D9A2 /* Products */ = {
			isa = PBXGroup;
			children = (
				071E9A9E25951DCD00B8D9A2 /* Bullseye.app */,
				071E9ABD259683F300B8D9A2 /* BullseyeTests.xctest */,
			);
			name = Products;
			sourceTree = "<group>";
		};
		071E9AA025951DCD00B8D9A2 /* Bullseye */ = {
			isa = PBXGroup;
			children = (
				071E9AB325967C7D00B8D9A2 /* App */,
				071E9AB225967C7600B8D9A2 /* Views */,
				071E9AB125967C5200B8D9A2 /* Models */,
				071E9AA725951DCE00B8D9A2 /* Preview Content */,
			);
			path = Bullseye;
			sourceTree = "<group>";
		};
		071E9AA725951DCE00B8D9A2 /* Preview Content */ = {
			isa = PBXGroup;
			children = (
				071E9AA825951DCE00B8D9A2 /* Preview Assets.xcassets */,
			);
			path = "Preview Content";
			sourceTree = "<group>";
		};
		071E9AB125967C5200B8D9A2 /* Models */ = {
			isa = PBXGroup;
			children = (
				071E9AB625967D7A00B8D9A2 /* Game.swift */,
			);
			path = Models;
			sourceTree = "<group>";
		};
		071E9AB225967C7600B8D9A2 /* Views */ = {
			isa = PBXGroup;
			children = (
				071E9AA325951DCD00B8D9A2 /* ContentView.swift */,
				071E9AC92597884100B8D9A2 /* RoundedViews.swift */,
				071E9ACF2597932900B8D9A2 /* BackgroundView.swift */,
				071E9AD32597A37100B8D9A2 /* TextViews.swift */,
				071E9AD725997FC000B8D9A2 /* PointsView.swift */,
			);
			path = Views;
			sourceTree = "<group>";
		};
		071E9AB325967C7D00B8D9A2 /* App */ = {
			isa = PBXGroup;
			children = (
				071E9AA125951DCD00B8D9A2 /* BullseyeApp.swift */,
				071E9AA525951DCE00B8D9A2 /* Assets.xcassets */,
				071E9AAA25951DCE00B8D9A2 /* Info.plist */,
			);
			path = App;
			sourceTree = "<group>";
		};
		071E9ABE259683F300B8D9A2 /* BullseyeTests */ = {
			isa = PBXGroup;
			children = (
				071E9ABF259683F300B8D9A2 /* BullseyeTests.swift */,
				071E9AC1259683F300B8D9A2 /* Info.plist */,
			);
			path = BullseyeTests;
			sourceTree = "<group>";
		};
/* End PBXGroup section */

/* Begin PBXNativeTarget section */
		071E9A9D25951DCD00B8D9A2 /* Bullseye */ = {
			isa = PBXNativeTarget;
			buildConfigurationList = 071E9AAD25951DCE00B8D9A2 /* Build configuration list for PBXNativeTarget "Bullseye" */;
			buildPhases = (
				071E9A9A25951DCD00B8D9A2 /* Sources */,
				071E9A9B25951DCD00B8D9A2 /* Frameworks */,
				071E9A9C25951DCD00B8D9A2 /* Resources */,
			);
			buildRules = (
			);
			dependencies = (
			);
			name = Bullseye;
			productName = Bullseye;
			productReference = 071E9A9E25951DCD00B8D9A2 /* Bullseye.app */;
			productType = "com.apple.product-type.application";
		};
		071E9ABC259683F300B8D9A2 /* BullseyeTests */ = {
			isa = PBXNativeTarget;
			buildConfigurationList = 071E9AC4259683F300B8D9A2 /* Build configuration list for PBXNativeTarget "BullseyeTests" */;
			buildPhases = (
				071E9AB9259683F300B8D9A2 /* Sources */,
				071E9ABA259683F300B8D9A2 /* Frameworks */,
				071E9ABB259683F300B8D9A2 /* Resources */,
			);
			buildRules = (
			);
			dependencies = (
				071E9AC3259683F300B8D9A2 /* PBXTargetDependency */,
			);
			name = BullseyeTests;
			productName = BullseyeTests;
			productReference = 071E9ABD259683F300B8D9A2 /* BullseyeTests.xctest */;
			productType = "com.apple.product-type.bundle.unit-test";
		};
/* End PBXNativeTarget section */

/* Begin PBXProject section */
		071E9A9625951DCD00B8D9A2 /* Project object */ = {
			isa = PBXProject;
			attributes = {
				LastSwiftUpdateCheck = 1230;
				LastUpgradeCheck = 1230;
				TargetAttributes = {
					071E9A9D25951DCD00B8D9A2 = {
						CreatedOnToolsVersion = 12.3;
					};
					071E9ABC259683F300B8D9A2 = {
						CreatedOnToolsVersion = 12.3;
						TestTargetID = 071E9A9D25951DCD00B8D9A2;
					};
				};
			};
			buildConfigurationList = 071E9A9925951DCD00B8D9A2 /* Build configuration list for PBXProject "Bullseye" */;
			compatibilityVersion = "Xcode 9.3";
			developmentRegion = en;
			hasScannedForEncodings = 0;
			knownRegions = (
				en,
				Base,
			);
			mainGroup = 071E9A9525951DCD00B8D9A2;
			productRefGroup = 071E9A9F25951DCD00B8D9A2 /* Products */;
			projectDirPath = "";
			projectRoot = "";
			targets = (
				071E9A9D25951DCD00B8D9A2 /* Bullseye */,
				071E9ABC259683F300B8D9A2 /* BullseyeTests */,
			);
		};
/* End PBXProject section */

/* Begin PBXResourcesBuildPhase section */
		071E9A9C25951DCD00B8D9A2 /* Resources */ = {
			isa = PBXResourcesBuildPhase;
			buildActionMask = 2147483647;
			files = (
				071E9AA925951DCE00B8D9A2 /* Preview Assets.xcassets in Resources */,
				071E9AA625951DCE00B8D9A2 /* Assets.xcassets in Resources */,
			);
			runOnlyForDeploymentPostprocessing = 0;
		};
		071E9ABB259683F300B8D9A2 /* Resources */ = {
			isa = PBXResourcesBuildPhase;
			buildActionMask = 2147483647;
			files = (
			);
			runOnlyForDeploymentPostprocessing = 0;
		};
/* End PBXResourcesBuildPhase section */

/* Begin PBXSourcesBuildPhase section */
		071E9A9A25951DCD00B8D9A2 /* Sources */ = {
			isa = PBXSourcesBuildPhase;
			buildActionMask = 2147483647;
			files = (
				071E9AD02597932900B8D9A2 /* BackgroundView.swift in Sources */,
				071E9AA425951DCD00B8D9A2 /* ContentView.swift in Sources */,
				071E9AB725967D7A00B8D9A2 /* Game.swift in Sources */,
				071E9AA225951DCD00B8D9A2 /* BullseyeApp.swift in Sources */,
				071E9AD825997FC100B8D9A2 /* PointsView.swift in Sources */,
				071E9ACA2597884200B8D9A2 /* RoundedViews.swift in Sources */,
				071E9AD42597A37100B8D9A2 /* TextViews.swift in Sources */,
			);
			runOnlyForDeploymentPostprocessing = 0;
		};
		071E9AB9259683F300B8D9A2 /* Sources */ = {
			isa = PBXSourcesBuildPhase;
			buildActionMask = 2147483647;
			files = (
				071E9AC0259683F300B8D9A2 /* BullseyeTests.swift in Sources */,
			);
			runOnlyForDeploymentPostprocessing = 0;
		};
/* End PBXSourcesBuildPhase section */

/* Begin PBXTargetDependency section */
		071E9AC3259683F300B8D9A2 /* PBXTargetDependency */ = {
			isa = PBXTargetDependency;
			target = 071E9A9D25951DCD00B8D9A2 /* Bullseye */;
			targetProxy = 071E9AC2259683F300B8D9A2 /* PBXContainerItemProxy */;
		};
/* End PBXTargetDependency section */

/* Begin XCBuildConfiguration section */
		071E9AAB25951DCE00B8D9A2 /* Debug */ = {
			isa = XCBuildConfiguration;
			buildSettings = {
				ALWAYS_SEARCH_USER_PATHS = NO;
				CLANG_ANALYZER_NONNULL = YES;
				CLANG_ANALYZER_NUMBER_OBJECT_CONVERSION = YES_AGGRESSIVE;
				CLANG_CXX_LANGUAGE_STANDARD = "gnu++14";
				CLANG_CXX_LIBRARY = "libc++";
				CLANG_ENABLE_MODULES = YES;
				CLANG_ENABLE_OBJC_ARC = YES;
				CLANG_ENABLE_OBJC_WEAK = YES;
				CLANG_WARN_BLOCK_CAPTURE_AUTORELEASING = YES;
				CLANG_WARN_BOOL_CONVERSION = YES;
				CLANG_WARN_COMMA = YES;
				CLANG_WARN_CONSTANT_CONVERSION = YES;
				CLANG_WARN_DEPRECATED_OBJC_IMPLEMENTATIONS = YES;
				CLANG_WARN_DIRECT_OBJC_ISA_USAGE = YES_ERROR;
				CLANG_WARN_DOCUMENTATION_COMMENTS = YES;
				CLANG_WARN_EMPTY_BODY = YES;
				CLANG_WARN_ENUM_CONVERSION = YES;
				CLANG_WARN_INFINITE_RECURSION = YES;
				CLANG_WARN_INT_CONVERSION = YES;
				CLANG_WARN_NON_LITERAL_NULL_CONVERSION = YES;
				CLANG_WARN_OBJC_IMPLICIT_RETAIN_SELF = YES;
				CLANG_WARN_OBJC_LITERAL_CONVERSION = YES;
				CLANG_WARN_OBJC_ROOT_CLASS = YES_ERROR;
				CLANG_WARN_QUOTED_INCLUDE_IN_FRAMEWORK_HEADER = YES;
				CLANG_WARN_RANGE_LOOP_ANALYSIS = YES;
				CLANG_WARN_STRICT_PROTOTYPES = YES;
				CLANG_WARN_SUSPICIOUS_MOVE = YES;
				CLANG_WARN_UNGUARDED_AVAILABILITY = YES_AGGRESSIVE;
				CLANG_WARN_UNREACHABLE_CODE = YES;
				CLANG_WARN__DUPLICATE_METHOD_MATCH = YES;
				COPY_PHASE_STRIP = NO;
				DEBUG_INFORMATION_FORMAT = dwarf;
				ENABLE_STRICT_OBJC_MSGSEND = YES;
				ENABLE_TESTABILITY = YES;
				GCC_C_LANGUAGE_STANDARD = gnu11;
				GCC_DYNAMIC_NO_PIC = NO;
				GCC_NO_COMMON_BLOCKS = YES;
				GCC_OPTIMIZATION_LEVEL = 0;
				GCC_PREPROCESSOR_DEFINITIONS = (
					"DEBUG=1",
					"$(inherited)",
				);
				GCC_WARN_64_TO_32_BIT_CONVERSION = YES;
				GCC_WARN_ABOUT_RETURN_TYPE = YES_ERROR;
				GCC_WARN_UNDECLARED_SELECTOR = YES;
				GCC_WARN_UNINITIALIZED_AUTOS = YES_AGGRESSIVE;
				GCC_WARN_UNUSED_FUNCTION = YES;
				GCC_WARN_UNUSED_VARIABLE = YES;
				IPHONEOS_DEPLOYMENT_TARGET = 14.3;
				MTL_ENABLE_DEBUG_INFO = INCLUDE_SOURCE;
				MTL_FAST_MATH = YES;
				ONLY_ACTIVE_ARCH = YES;
				SDKROOT = iphoneos;
				SWIFT_ACTIVE_COMPILATION_CONDITIONS = DEBUG;
				SWIFT_OPTIMIZATION_LEVEL = "-Onone";
			};
			name = Debug;
		};
		071E9AAC25951DCE00B8D9A2 /* Release */ = {
			isa = XCBuildConfiguration;
			buildSettings = {
				ALWAYS_SEARCH_USER_PATHS = NO;
				CLANG_ANALYZER_NONNULL = YES;
				CLANG_ANALYZER_NUMBER_OBJECT_CONVERSION = YES_AGGRESSIVE;
				CLANG_CXX_LANGUAGE_STANDARD = "gnu++14";
				CLANG_CXX_LIBRARY = "libc++";
				CLANG_ENABLE_MODULES = YES;
				CLANG_ENABLE_OBJC_ARC = YES;
				CLANG_ENABLE_OBJC_WEAK = YES;
				CLANG_WARN_BLOCK_CAPTURE_AUTORELEASING = YES;
				CLANG_WARN_BOOL_CONVERSION = YES;
				CLANG_WARN_COMMA = YES;
				CLANG_WARN_CONSTANT_CONVERSION = YES;
				CLANG_WARN_DEPRECATED_OBJC_IMPLEMENTATIONS = YES;
				CLANG_WARN_DIRECT_OBJC_ISA_USAGE = YES_ERROR;
				CLANG_WARN_DOCUMENTATION_COMMENTS = YES;
				CLANG_WARN_EMPTY_BODY = YES;
				CLANG_WARN_ENUM_CONVERSION = YES;
				CLANG_WARN_INFINITE_RECURSION = YES;
				CLANG_WARN_INT_CONVERSION = YES;
				CLANG_WARN_NON_LITERAL_NULL_CONVERSION = YES;
				CLANG_WARN_OBJC_IMPLICIT_RETAIN_SELF = YES;
				CLANG_WARN_OBJC_LITERAL_CONVERSION = YES;
				CLANG_WARN_OBJC_ROOT_CLASS = YES_ERROR;
				CLANG_WARN_QUOTED_INCLUDE_IN_FRAMEWORK_HEADER = YES;
				CLANG_WARN_RANGE_LOOP_ANALYSIS = YES;
				CLANG_WARN_STRICT_PROTOTYPES = YES;
				CLANG_WARN_SUSPICIOUS_MOVE = YES;
				CLANG_WARN_UNGUARDED_AVAILABILITY = YES_AGGRESSIVE;
				CLANG_WARN_UNREACHABLE_CODE = YES;
				CLANG_WARN__DUPLICATE_METHOD_MATCH = YES;
				COPY_PHASE_STRIP = NO;
				DEBUG_INFORMATION_FORMAT = "dwarf-with-dsym";
				ENABLE_NS_ASSERTIONS = NO;
				ENABLE_STRICT_OBJC_MSGSEND = YES;
				GCC_C_LANGUAGE_STANDARD = gnu11;
				GCC_NO_COMMON_BLOCKS = YES;
				GCC_WARN_64_TO_32_BIT_CONVERSION = YES;
				GCC_WARN_ABOUT_RETURN_TYPE = YES_ERROR;
				GCC_WARN_UNDECLARED_SELECTOR = YES;
				GCC_WARN_UNINITIALIZED_AUTOS = YES_AGGRESSIVE;
				GCC_WARN_UNUSED_FUNCTION = YES;
				GCC_WARN_UNUSED_VARIABLE = YES;
				IPHONEOS_DEPLOYMENT_TARGET = 14.3;
				MTL_ENABLE_DEBUG_INFO = NO;
				MTL_FAST_MATH = YES;
				SDKROOT = iphoneos;
				SWIFT_COMPILATION_MODE = wholemodule;
				SWIFT_OPTIMIZATION_LEVEL = "-O";
				VALIDATE_PRODUCT = YES;
			};
			name = Release;
		};
		071E9AAE25951DCE00B8D9A2 /* Debug */ = {
			isa = XCBuildConfiguration;
			buildSettings = {
				ASSETCATALOG_COMPILER_APPICON_NAME = AppIcon;
				ASSETCATALOG_COMPILER_GLOBAL_ACCENT_COLOR_NAME = AccentColor;
				CODE_SIGN_STYLE = Automatic;
				DEVELOPMENT_ASSET_PATHS = "\"Bullseye/Preview Content\"";
				DEVELOPMENT_TEAM = S5B48PD3CP;
				ENABLE_PREVIEWS = YES;
				INFOPLIST_FILE = Bullseye/App/Info.plist;
				IPHONEOS_DEPLOYMENT_TARGET = 14.0;
				LD_RUNPATH_SEARCH_PATHS = (
					"$(inherited)",
					"@executable_path/Frameworks",
				);
				PRODUCT_BUNDLE_IDENTIFIER = com.anski.Bullseye;
				PRODUCT_NAME = "$(TARGET_NAME)";
				SWIFT_VERSION = 5.0;
				TARGETED_DEVICE_FAMILY = "1,2";
			};
			name = Debug;
		};
		071E9AAF25951DCE00B8D9A2 /* Release */ = {
			isa = XCBuildConfiguration;
			buildSettings = {
				ASSETCATALOG_COMPILER_APPICON_NAME = AppIcon;
				ASSETCATALOG_COMPILER_GLOBAL_ACCENT_COLOR_NAME = AccentColor;
				CODE_SIGN_STYLE = Automatic;
				DEVELOPMENT_ASSET_PATHS = "\"Bullseye/Preview Content\"";
				DEVELOPMENT_TEAM = S5B48PD3CP;
				ENABLE_PREVIEWS = YES;
				INFOPLIST_FILE = Bullseye/App/Info.plist;
				IPHONEOS_DEPLOYMENT_TARGET = 14.0;
				LD_RUNPATH_SEARCH_PATHS = (
					"$(inherited)",
					"@executable_path/Frameworks",
				);
				PRODUCT_BUNDLE_IDENTIFIER = com.anski.Bullseye;
				PRODUCT_NAME = "$(TARGET_NAME)";
				SWIFT_VERSION = 5.0;
				TARGETED_DEVICE_FAMILY = "1,2";
			};
			name = Release;
		};
		071E9AC5259683F300B8D9A2 /* Debug */ = {
			isa = XCBuildConfiguration;
			buildSettings = {
				BUNDLE_LOADER = "$(TEST_HOST)";
				CODE_SIGN_STYLE = Automatic;
				DEVELOPMENT_TEAM = S5B48PD3CP;
				INFOPLIST_FILE = BullseyeTests/Info.plist;
				LD_RUNPATH_SEARCH_PATHS = (
					"$(inherited)",
					"@executable_path/Frameworks",
					"@loader_path/Frameworks",
				);
				PRODUCT_BUNDLE_IDENTIFIER = com.anski.BullseyeTests;
				PRODUCT_NAME = "$(TARGET_NAME)";
				SWIFT_VERSION = 5.0;
				TARGETED_DEVICE_FAMILY = "1,2";
				TEST_HOST = "$(BUILT_PRODUCTS_DIR)/Bullseye.app/Bullseye";
			};
			name = Debug;
		};
		071E9AC6259683F300B8D9A2 /* Release */ = {
			isa = XCBuildConfiguration;
			buildSettings = {
				BUNDLE_LOADER = "$(TEST_HOST)";
				CODE_SIGN_STYLE = Automatic;
				DEVELOPMENT_TEAM = S5B48PD3CP;
				INFOPLIST_FILE = BullseyeTests/Info.plist;
				LD_RUNPATH_SEARCH_PATHS = (
					"$(inherited)",
					"@executable_path/Frameworks",
					"@loader_path/Frameworks",
				);
				PRODUCT_BUNDLE_IDENTIFIER = com.anski.BullseyeTests;
				PRODUCT_NAME = "$(TARGET_NAME)";
				SWIFT_VERSION = 5.0;
				TARGETED_DEVICE_FAMILY = "1,2";
				TEST_HOST = "$(BUILT_PRODUCTS_DIR)/Bullseye.app/Bullseye";
			};
			name = Release;
		};
/* End XCBuildConfiguration section */

/* Begin XCConfigurationList section */
		071E9A9925951DCD00B8D9A2 /* Build configuration list for PBXProject "Bullseye" */ = {
			isa = XCConfigurationList;
			buildConfigurations = (
				071E9AAB25951DCE00B8D9A2 /* Debug */,
				071E9AAC25951DCE00B8D9A2 /* Release */,
			);
			defaultConfigurationIsVisible = 0;
			defaultConfigurationName = Release;
		};
		071E9AAD25951DCE00B8D9A2 /* Build configuration list for PBXNativeTarget "Bullseye" */ = {
			isa = XCConfigurationList;
			buildConfigurations = (
				071E9AAE25951DCE00B8D9A2 /* Debug */,
				071E9AAF25951DCE00B8D9A2 /* Release */,
			);
			defaultConfigurationIsVisible = 0;
			defaultConfigurationName = Release;
		};
		071E9AC4259683F300B8D9A2 /* Build configuration list for PBXNativeTarget "BullseyeTests" */ = {
			isa = XCConfigurationList;
			buildConfigurations = (
				071E9AC5259683F300B8D9A2 /* Debug */,
				071E9AC6259683F300B8D9A2 /* Release */,
			);
			defaultConfigurationIsVisible = 0;
			defaultConfigurationName = Release;
		};
/* End XCConfigurationList section */
	};
	rootObject = 071E9A9625951DCD00B8D9A2 /* Project object */;
}
